// !$*UTF8*$!
{
	archiveVersion = 1;
	classes = {
	};
	objectVersion = 51;
	objects = {

/* Begin PBXBuildFile section */
		85A0D104237DB433003F77A9 /* AppDelegate.swift in Sources */ = {isa = PBXBuildFile; fileRef = 85A0D103237DB433003F77A9 /* AppDelegate.swift */; };
		85A0D106237DB433003F77A9 /* SceneDelegate.swift in Sources */ = {isa = PBXBuildFile; fileRef = 85A0D105237DB433003F77A9 /* SceneDelegate.swift */; };
		85A0D108237DB433003F77A9 /* LoginVC.swift in Sources */ = {isa = PBXBuildFile; fileRef = 85A0D107237DB433003F77A9 /* LoginVC.swift */; };
		85A0D10E237DB433003F77A9 /* AniChat.xcdatamodeld in Sources */ = {isa = PBXBuildFile; fileRef = 85A0D10C237DB433003F77A9 /* AniChat.xcdatamodeld */; };
		85A0D110237DB447003F77A9 /* Assets.xcassets in Resources */ = {isa = PBXBuildFile; fileRef = 85A0D10F237DB447003F77A9 /* Assets.xcassets */; };
		85A0D113237DB447003F77A9 /* LaunchScreen.storyboard in Resources */ = {isa = PBXBuildFile; fileRef = 85A0D111237DB447003F77A9 /* LaunchScreen.storyboard */; };
		85A0D11D237DBA2F003F77A9 /* GoogleService-Info.plist in Resources */ = {isa = PBXBuildFile; fileRef = 85A0D11C237DBA2F003F77A9 /* GoogleService-Info.plist */; };
		85A0D120237DE5F7003F77A9 /* RecentMessagesVC.swift in Sources */ = {isa = PBXBuildFile; fileRef = 85A0D11F237DE5F7003F77A9 /* RecentMessagesVC.swift */; };
		85A0D122237DE88C003F77A9 /* RecentMessageCell.swift in Sources */ = {isa = PBXBuildFile; fileRef = 85A0D121237DE88C003F77A9 /* RecentMessageCell.swift */; };
		85A0D125237DE9A2003F77A9 /* Message.swift in Sources */ = {isa = PBXBuildFile; fileRef = 85A0D124237DE9A2003F77A9 /* Message.swift */; };
		85A0D127237DEA0A003F77A9 /* User.swift in Sources */ = {isa = PBXBuildFile; fileRef = 85A0D126237DEA0A003F77A9 /* User.swift */; };
		85A0D129237DEA56003F77A9 /* ContactVC.swift in Sources */ = {isa = PBXBuildFile; fileRef = 85A0D128237DEA56003F77A9 /* ContactVC.swift */; };
		85A0D12B237DEBA1003F77A9 /* ContactCell.swift in Sources */ = {isa = PBXBuildFile; fileRef = 85A0D12A237DEBA1003F77A9 /* ContactCell.swift */; };
		85A0D130237E02F0003F77A9 /* InboxVC.swift in Sources */ = {isa = PBXBuildFile; fileRef = 85A0D12F237E02F0003F77A9 /* InboxVC.swift */; };
		85A0D132237E073C003F77A9 /* MessageCell.swift in Sources */ = {isa = PBXBuildFile; fileRef = 85A0D131237E073C003F77A9 /* MessageCell.swift */; };
		85A0D135237E08A0003F77A9 /* Ext+UIView.swift in Sources */ = {isa = PBXBuildFile; fileRef = 85A0D134237E08A0003F77A9 /* Ext+UIView.swift */; };
		85A0D137237E0A50003F77A9 /* Ext+Date.swift in Sources */ = {isa = PBXBuildFile; fileRef = 85A0D136237E0A50003F77A9 /* Ext+Date.swift */; };
		C67DFCD66CA5354C299BD290 /* Pods_AniChat.framework in Frameworks */ = {isa = PBXBuildFile; fileRef = 679D660CCBA9906D7F83A013 /* Pods_AniChat.framework */; };
/* End PBXBuildFile section */

/* Begin PBXFileReference section */
		137F997638EB4331011ED339 /* Pods-AniChat.debug.xcconfig */ = {isa = PBXFileReference; includeInIndex = 1; lastKnownFileType = text.xcconfig; name = "Pods-AniChat.debug.xcconfig"; path = "Target Support Files/Pods-AniChat/Pods-AniChat.debug.xcconfig"; sourceTree = "<group>"; };
		679D660CCBA9906D7F83A013 /* Pods_AniChat.framework */ = {isa = PBXFileReference; explicitFileType = wrapper.framework; includeInIndex = 0; path = Pods_AniChat.framework; sourceTree = BUILT_PRODUCTS_DIR; };
		85A0D100237DB433003F77A9 /* AniChat.app */ = {isa = PBXFileReference; explicitFileType = wrapper.application; includeInIndex = 0; path = AniChat.app; sourceTree = BUILT_PRODUCTS_DIR; };
		85A0D103237DB433003F77A9 /* AppDelegate.swift */ = {isa = PBXFileReference; lastKnownFileType = sourcecode.swift; path = AppDelegate.swift; sourceTree = "<group>"; };
		85A0D105237DB433003F77A9 /* SceneDelegate.swift */ = {isa = PBXFileReference; lastKnownFileType = sourcecode.swift; path = SceneDelegate.swift; sourceTree = "<group>"; };
		85A0D107237DB433003F77A9 /* LoginVC.swift */ = {isa = PBXFileReference; lastKnownFileType = sourcecode.swift; path = LoginVC.swift; sourceTree = "<group>"; };
		85A0D10D237DB433003F77A9 /* AniChat.xcdatamodel */ = {isa = PBXFileReference; lastKnownFileType = wrapper.xcdatamodel; path = AniChat.xcdatamodel; sourceTree = "<group>"; };
		85A0D10F237DB447003F77A9 /* Assets.xcassets */ = {isa = PBXFileReference; lastKnownFileType = folder.assetcatalog; path = Assets.xcassets; sourceTree = "<group>"; };
		85A0D112237DB447003F77A9 /* Base */ = {isa = PBXFileReference; lastKnownFileType = file.storyboard; name = Base; path = Base.lproj/LaunchScreen.storyboard; sourceTree = "<group>"; };
		85A0D114237DB447003F77A9 /* Info.plist */ = {isa = PBXFileReference; lastKnownFileType = text.plist.xml; path = Info.plist; sourceTree = "<group>"; };
		85A0D11C237DBA2F003F77A9 /* GoogleService-Info.plist */ = {isa = PBXFileReference; fileEncoding = 4; lastKnownFileType = text.plist.xml; name = "GoogleService-Info.plist"; path = "../../../../Downloads/GoogleService-Info.plist"; sourceTree = "<group>"; };
		85A0D11F237DE5F7003F77A9 /* RecentMessagesVC.swift */ = {isa = PBXFileReference; lastKnownFileType = sourcecode.swift; path = RecentMessagesVC.swift; sourceTree = "<group>"; };
		85A0D121237DE88C003F77A9 /* RecentMessageCell.swift */ = {isa = PBXFileReference; lastKnownFileType = sourcecode.swift; path = RecentMessageCell.swift; sourceTree = "<group>"; };
		85A0D124237DE9A2003F77A9 /* Message.swift */ = {isa = PBXFileReference; lastKnownFileType = sourcecode.swift; path = Message.swift; sourceTree = "<group>"; };
		85A0D126237DEA0A003F77A9 /* User.swift */ = {isa = PBXFileReference; lastKnownFileType = sourcecode.swift; path = User.swift; sourceTree = "<group>"; };
		85A0D128237DEA56003F77A9 /* ContactVC.swift */ = {isa = PBXFileReference; lastKnownFileType = sourcecode.swift; path = ContactVC.swift; sourceTree = "<group>"; };
		85A0D12A237DEBA1003F77A9 /* ContactCell.swift */ = {isa = PBXFileReference; lastKnownFileType = sourcecode.swift; path = ContactCell.swift; sourceTree = "<group>"; };
		85A0D12F237E02F0003F77A9 /* InboxVC.swift */ = {isa = PBXFileReference; lastKnownFileType = sourcecode.swift; path = InboxVC.swift; sourceTree = "<group>"; };
		85A0D131237E073C003F77A9 /* MessageCell.swift */ = {isa = PBXFileReference; lastKnownFileType = sourcecode.swift; path = MessageCell.swift; sourceTree = "<group>"; };
		85A0D134237E08A0003F77A9 /* Ext+UIView.swift */ = {isa = PBXFileReference; lastKnownFileType = sourcecode.swift; path = "Ext+UIView.swift"; sourceTree = "<group>"; };
		85A0D136237E0A50003F77A9 /* Ext+Date.swift */ = {isa = PBXFileReference; lastKnownFileType = sourcecode.swift; path = "Ext+Date.swift"; sourceTree = "<group>"; };
		C72418BFE6B295D0AB9B6B86 /* Pods-AniChat.release.xcconfig */ = {isa = PBXFileReference; includeInIndex = 1; lastKnownFileType = text.xcconfig; name = "Pods-AniChat.release.xcconfig"; path = "Target Support Files/Pods-AniChat/Pods-AniChat.release.xcconfig"; sourceTree = "<group>"; };
/* End PBXFileReference section */

/* Begin PBXFrameworksBuildPhase section */
		85A0D0FD237DB433003F77A9 /* Frameworks */ = {
			isa = PBXFrameworksBuildPhase;
			buildActionMask = 2147483647;
			files = (
				C67DFCD66CA5354C299BD290 /* Pods_AniChat.framework in Frameworks */,
			);
			runOnlyForDeploymentPostprocessing = 0;
		};
/* End PBXFrameworksBuildPhase section */

/* Begin PBXGroup section */
		7B2657817316CEA4A09BB4ED /* Pods */ = {
			isa = PBXGroup;
			children = (
				137F997638EB4331011ED339 /* Pods-AniChat.debug.xcconfig */,
				C72418BFE6B295D0AB9B6B86 /* Pods-AniChat.release.xcconfig */,
			);
			path = Pods;
			sourceTree = "<group>";
		};
		85A0D0F7237DB433003F77A9 = {
			isa = PBXGroup;
			children = (
				85A0D102237DB433003F77A9 /* AniChat */,
				85A0D101237DB433003F77A9 /* Products */,
				7B2657817316CEA4A09BB4ED /* Pods */,
				8993ADDC72D734F52B8F6BD4 /* Frameworks */,
			);
			sourceTree = "<group>";
		};
		85A0D101237DB433003F77A9 /* Products */ = {
			isa = PBXGroup;
			children = (
				85A0D100237DB433003F77A9 /* AniChat.app */,
			);
			name = Products;
			sourceTree = "<group>";
		};
		85A0D102237DB433003F77A9 /* AniChat */ = {
			isa = PBXGroup;
			children = (
				85A0D133237E0886003F77A9 /* Extensions */,
				85A0D12E237DEEAB003F77A9 /* Client */,
				85A0D12D237DEE4A003F77A9 /* App */,
				85A0D123237DE960003F77A9 /* Cell */,
				85A0D11E237DE561003F77A9 /* Model */,
				85A0D12C237DEE0F003F77A9 /* View Controller */,
				85A0D10F237DB447003F77A9 /* Assets.xcassets */,
				85A0D111237DB447003F77A9 /* LaunchScreen.storyboard */,
				85A0D11C237DBA2F003F77A9 /* GoogleService-Info.plist */,
				85A0D114237DB447003F77A9 /* Info.plist */,
			);
			path = AniChat;
			sourceTree = "<group>";
		};
		85A0D11E237DE561003F77A9 /* Model */ = {
			isa = PBXGroup;
			children = (
				85A0D10C237DB433003F77A9 /* AniChat.xcdatamodeld */,
				85A0D124237DE9A2003F77A9 /* Message.swift */,
				85A0D126237DEA0A003F77A9 /* User.swift */,
			);
			path = Model;
			sourceTree = "<group>";
		};
		85A0D123237DE960003F77A9 /* Cell */ = {
			isa = PBXGroup;
			children = (
				85A0D121237DE88C003F77A9 /* RecentMessageCell.swift */,
				85A0D12A237DEBA1003F77A9 /* ContactCell.swift */,
				85A0D131237E073C003F77A9 /* MessageCell.swift */,
			);
			path = Cell;
			sourceTree = "<group>";
		};
		85A0D12C237DEE0F003F77A9 /* View Controller */ = {
			isa = PBXGroup;
			children = (
				85A0D11F237DE5F7003F77A9 /* RecentMessagesVC.swift */,
				85A0D107237DB433003F77A9 /* LoginVC.swift */,
				85A0D128237DEA56003F77A9 /* ContactVC.swift */,
				85A0D12F237E02F0003F77A9 /* InboxVC.swift */,
			);
			path = "View Controller";
			sourceTree = "<group>";
		};
		85A0D12D237DEE4A003F77A9 /* App */ = {
			isa = PBXGroup;
			children = (
				85A0D103237DB433003F77A9 /* AppDelegate.swift */,
				85A0D105237DB433003F77A9 /* SceneDelegate.swift */,
			);
			path = App;
			sourceTree = "<group>";
		};
		85A0D12E237DEEAB003F77A9 /* Client */ = {
			isa = PBXGroup;
			children = (
			);
			path = Client;
			sourceTree = "<group>";
		};
		85A0D133237E0886003F77A9 /* Extensions */ = {
			isa = PBXGroup;
			children = (
				85A0D134237E08A0003F77A9 /* Ext+UIView.swift */,
				85A0D136237E0A50003F77A9 /* Ext+Date.swift */,
			);
			path = Extensions;
			sourceTree = "<group>";
		};
		8993ADDC72D734F52B8F6BD4 /* Frameworks */ = {
			isa = PBXGroup;
			children = (
				679D660CCBA9906D7F83A013 /* Pods_AniChat.framework */,
			);
			name = Frameworks;
			sourceTree = "<group>";
		};
/* End PBXGroup section */

/* Begin PBXNativeTarget section */
		85A0D0FF237DB433003F77A9 /* AniChat */ = {
			isa = PBXNativeTarget;
			buildConfigurationList = 85A0D117237DB447003F77A9 /* Build configuration list for PBXNativeTarget "AniChat" */;
			buildPhases = (
				407E1E9873F2B36581CC9404 /* [CP] Check Pods Manifest.lock */,
				85A0D0FC237DB433003F77A9 /* Sources */,
				85A0D0FD237DB433003F77A9 /* Frameworks */,
				85A0D0FE237DB433003F77A9 /* Resources */,
				D0B132052F80C78F8563C3F2 /* [CP] Embed Pods Frameworks */,
			);
			buildRules = (
			);
			dependencies = (
			);
			name = AniChat;
			productName = AniChat;
			productReference = 85A0D100237DB433003F77A9 /* AniChat.app */;
			productType = "com.apple.product-type.application";
		};
/* End PBXNativeTarget section */

/* Begin PBXProject section */
		85A0D0F8237DB433003F77A9 /* Project object */ = {
			isa = PBXProject;
			attributes = {
				LastSwiftUpdateCheck = 1110;
				LastUpgradeCheck = 1110;
				ORGANIZATIONNAME = Garrison;
				TargetAttributes = {
					85A0D0FF237DB433003F77A9 = {
						CreatedOnToolsVersion = 11.1;
					};
				};
			};
			buildConfigurationList = 85A0D0FB237DB433003F77A9 /* Build configuration list for PBXProject "AniChat" */;
			compatibilityVersion = "Xcode 9.3";
			developmentRegion = en;
			hasScannedForEncodings = 0;
			knownRegions = (
				en,
				Base,
			);
			mainGroup = 85A0D0F7237DB433003F77A9;
			productRefGroup = 85A0D101237DB433003F77A9 /* Products */;
			projectDirPath = "";
			projectRoot = "";
			targets = (
				85A0D0FF237DB433003F77A9 /* AniChat */,
			);
		};
/* End PBXProject section */

/* Begin PBXResourcesBuildPhase section */
		85A0D0FE237DB433003F77A9 /* Resources */ = {
			isa = PBXResourcesBuildPhase;
			buildActionMask = 2147483647;
			files = (
				85A0D113237DB447003F77A9 /* LaunchScreen.storyboard in Resources */,
				85A0D11D237DBA2F003F77A9 /* GoogleService-Info.plist in Resources */,
				85A0D110237DB447003F77A9 /* Assets.xcassets in Resources */,
			);
			runOnlyForDeploymentPostprocessing = 0;
		};
/* End PBXResourcesBuildPhase section */

/* Begin PBXShellScriptBuildPhase section */
		407E1E9873F2B36581CC9404 /* [CP] Check Pods Manifest.lock */ = {
			isa = PBXShellScriptBuildPhase;
			buildActionMask = 2147483647;
			files = (
			);
			inputFileListPaths = (
			);
			inputPaths = (
				"${PODS_PODFILE_DIR_PATH}/Podfile.lock",
				"${PODS_ROOT}/Manifest.lock",
			);
			name = "[CP] Check Pods Manifest.lock";
			outputFileListPaths = (
			);
			outputPaths = (
				"$(DERIVED_FILE_DIR)/Pods-AniChat-checkManifestLockResult.txt",
			);
			runOnlyForDeploymentPostprocessing = 0;
			shellPath = /bin/sh;
			shellScript = "diff \"${PODS_PODFILE_DIR_PATH}/Podfile.lock\" \"${PODS_ROOT}/Manifest.lock\" > /dev/null\nif [ $? != 0 ] ; then\n    # print error to STDERR\n    echo \"error: The sandbox is not in sync with the Podfile.lock. Run 'pod install' or update your CocoaPods installation.\" >&2\n    exit 1\nfi\n# This output is used by Xcode 'outputs' to avoid re-running this script phase.\necho \"SUCCESS\" > \"${SCRIPT_OUTPUT_FILE_0}\"\n";
			showEnvVarsInLog = 0;
		};
		D0B132052F80C78F8563C3F2 /* [CP] Embed Pods Frameworks */ = {
			isa = PBXShellScriptBuildPhase;
			buildActionMask = 2147483647;
			files = (
			);
			inputFileListPaths = (
				"${PODS_ROOT}/Target Support Files/Pods-AniChat/Pods-AniChat-frameworks-${CONFIGURATION}-input-files.xcfilelist",
			);
			name = "[CP] Embed Pods Frameworks";
			outputFileListPaths = (
				"${PODS_ROOT}/Target Support Files/Pods-AniChat/Pods-AniChat-frameworks-${CONFIGURATION}-output-files.xcfilelist",
			);
			runOnlyForDeploymentPostprocessing = 0;
			shellPath = /bin/sh;
			shellScript = "\"${PODS_ROOT}/Target Support Files/Pods-AniChat/Pods-AniChat-frameworks.sh\"\n";
			showEnvVarsInLog = 0;
		};
/* End PBXShellScriptBuildPhase section */

/* Begin PBXSourcesBuildPhase section */
		85A0D0FC237DB433003F77A9 /* Sources */ = {
			isa = PBXSourcesBuildPhase;
			buildActionMask = 2147483647;
			files = (
				85A0D12B237DEBA1003F77A9 /* ContactCell.swift in Sources */,
				85A0D129237DEA56003F77A9 /* ContactVC.swift in Sources */,
				85A0D122237DE88C003F77A9 /* RecentMessageCell.swift in Sources */,
				85A0D10E237DB433003F77A9 /* AniChat.xcdatamodeld in Sources */,
				85A0D108237DB433003F77A9 /* LoginVC.swift in Sources */,
				85A0D132237E073C003F77A9 /* MessageCell.swift in Sources */,
				85A0D130237E02F0003F77A9 /* InboxVC.swift in Sources */,
				85A0D137237E0A50003F77A9 /* Ext+Date.swift in Sources */,
				85A0D104237DB433003F77A9 /* AppDelegate.swift in Sources */,
				85A0D135237E08A0003F77A9 /* Ext+UIView.swift in Sources */,
				85A0D127237DEA0A003F77A9 /* User.swift in Sources */,
				85A0D106237DB433003F77A9 /* SceneDelegate.swift in Sources */,
				85A0D120237DE5F7003F77A9 /* RecentMessagesVC.swift in Sources */,
				85A0D125237DE9A2003F77A9 /* Message.swift in Sources */,
			);
			runOnlyForDeploymentPostprocessing = 0;
		};
/* End PBXSourcesBuildPhase section */

/* Begin PBXVariantGroup section */
		85A0D111237DB447003F77A9 /* LaunchScreen.storyboard */ = {
			isa = PBXVariantGroup;
			children = (
				85A0D112237DB447003F77A9 /* Base */,
			);
			name = LaunchScreen.storyboard;
			sourceTree = "<group>";
		};
/* End PBXVariantGroup section */

/* Begin XCBuildConfiguration section */
		85A0D115237DB447003F77A9 /* Debug */ = {
			isa = XCBuildConfiguration;
			buildSettings = {
				ALWAYS_SEARCH_USER_PATHS = NO;
				CLANG_ANALYZER_NONNULL = YES;
				CLANG_ANALYZER_NUMBER_OBJECT_CONVERSION = YES_AGGRESSIVE;
				CLANG_CXX_LANGUAGE_STANDARD = "gnu++14";
				CLANG_CXX_LIBRARY = "libc++";
				CLANG_ENABLE_MODULES = YES;
				CLANG_ENABLE_OBJC_ARC = YES;
				CLANG_ENABLE_OBJC_WEAK = YES;
				CLANG_WARN_BLOCK_CAPTURE_AUTORELEASING = YES;
				CLANG_WARN_BOOL_CONVERSION = YES;
				CLANG_WARN_COMMA = YES;
				CLANG_WARN_CONSTANT_CONVERSION = YES;
				CLANG_WARN_DEPRECATED_OBJC_IMPLEMENTATIONS = YES;
				CLANG_WARN_DIRECT_OBJC_ISA_USAGE = YES_ERROR;
				CLANG_WARN_DOCUMENTATION_COMMENTS = YES;
				CLANG_WARN_EMPTY_BODY = YES;
				CLANG_WARN_ENUM_CONVERSION = YES;
				CLANG_WARN_INFINITE_RECURSION = YES;
				CLANG_WARN_INT_CONVERSION = YES;
				CLANG_WARN_NON_LITERAL_NULL_CONVERSION = YES;
				CLANG_WARN_OBJC_IMPLICIT_RETAIN_SELF = YES;
				CLANG_WARN_OBJC_LITERAL_CONVERSION = YES;
				CLANG_WARN_OBJC_ROOT_CLASS = YES_ERROR;
				CLANG_WARN_RANGE_LOOP_ANALYSIS = YES;
				CLANG_WARN_STRICT_PROTOTYPES = YES;
				CLANG_WARN_SUSPICIOUS_MOVE = YES;
				CLANG_WARN_UNGUARDED_AVAILABILITY = YES_AGGRESSIVE;
				CLANG_WARN_UNREACHABLE_CODE = YES;
				CLANG_WARN__DUPLICATE_METHOD_MATCH = YES;
				COPY_PHASE_STRIP = NO;
				DEBUG_INFORMATION_FORMAT = dwarf;
				ENABLE_STRICT_OBJC_MSGSEND = YES;
				ENABLE_TESTABILITY = YES;
				GCC_C_LANGUAGE_STANDARD = gnu11;
				GCC_DYNAMIC_NO_PIC = NO;
				GCC_NO_COMMON_BLOCKS = YES;
				GCC_OPTIMIZATION_LEVEL = 0;
				GCC_PREPROCESSOR_DEFINITIONS = (
					"DEBUG=1",
					"$(inherited)",
				);
				GCC_WARN_64_TO_32_BIT_CONVERSION = YES;
				GCC_WARN_ABOUT_RETURN_TYPE = YES_ERROR;
				GCC_WARN_UNDECLARED_SELECTOR = YES;
				GCC_WARN_UNINITIALIZED_AUTOS = YES_AGGRESSIVE;
				GCC_WARN_UNUSED_FUNCTION = YES;
				GCC_WARN_UNUSED_VARIABLE = YES;
				IPHONEOS_DEPLOYMENT_TARGET = 13.1;
				MTL_ENABLE_DEBUG_INFO = INCLUDE_SOURCE;
				MTL_FAST_MATH = YES;
				ONLY_ACTIVE_ARCH = YES;
				SDKROOT = iphoneos;
				SWIFT_ACTIVE_COMPILATION_CONDITIONS = DEBUG;
				SWIFT_OPTIMIZATION_LEVEL = "-Onone";
			};
			name = Debug;
		};
		85A0D116237DB447003F77A9 /* Release */ = {
			isa = XCBuildConfiguration;
			buildSettings = {
				ALWAYS_SEARCH_USER_PATHS = NO;
				CLANG_ANALYZER_NONNULL = YES;
				CLANG_ANALYZER_NUMBER_OBJECT_CONVERSION = YES_AGGRESSIVE;
				CLANG_CXX_LANGUAGE_STANDARD = "gnu++14";
				CLANG_CXX_LIBRARY = "libc++";
				CLANG_ENABLE_MODULES = YES;
				CLANG_ENABLE_OBJC_ARC = YES;
				CLANG_ENABLE_OBJC_WEAK = YES;
				CLANG_WARN_BLOCK_CAPTURE_AUTORELEASING = YES;
				CLANG_WARN_BOOL_CONVERSION = YES;
				CLANG_WARN_COMMA = YES;
				CLANG_WARN_CONSTANT_CONVERSION = YES;
				CLANG_WARN_DEPRECATED_OBJC_IMPLEMENTATIONS = YES;
				CLANG_WARN_DIRECT_OBJC_ISA_USAGE = YES_ERROR;
				CLANG_WARN_DOCUMENTATION_COMMENTS = YES;
				CLANG_WARN_EMPTY_BODY = YES;
				CLANG_WARN_ENUM_CONVERSION = YES;
				CLANG_WARN_INFINITE_RECURSION = YES;
				CLANG_WARN_INT_CONVERSION = YES;
				CLANG_WARN_NON_LITERAL_NULL_CONVERSION = YES;
				CLANG_WARN_OBJC_IMPLICIT_RETAIN_SELF = YES;
				CLANG_WARN_OBJC_LITERAL_CONVERSION = YES;
				CLANG_WARN_OBJC_ROOT_CLASS = YES_ERROR;
				CLANG_WARN_RANGE_LOOP_ANALYSIS = YES;
				CLANG_WARN_STRICT_PROTOTYPES = YES;
				CLANG_WARN_SUSPICIOUS_MOVE = YES;
				CLANG_WARN_UNGUARDED_AVAILABILITY = YES_AGGRESSIVE;
				CLANG_WARN_UNREACHABLE_CODE = YES;
				CLANG_WARN__DUPLICATE_METHOD_MATCH = YES;
				COPY_PHASE_STRIP = NO;
				DEBUG_INFORMATION_FORMAT = "dwarf-with-dsym";
				ENABLE_NS_ASSERTIONS = NO;
				ENABLE_STRICT_OBJC_MSGSEND = YES;
				GCC_C_LANGUAGE_STANDARD = gnu11;
				GCC_NO_COMMON_BLOCKS = YES;
				GCC_WARN_64_TO_32_BIT_CONVERSION = YES;
				GCC_WARN_ABOUT_RETURN_TYPE = YES_ERROR;
				GCC_WARN_UNDECLARED_SELECTOR = YES;
				GCC_WARN_UNINITIALIZED_AUTOS = YES_AGGRESSIVE;
				GCC_WARN_UNUSED_FUNCTION = YES;
				GCC_WARN_UNUSED_VARIABLE = YES;
				IPHONEOS_DEPLOYMENT_TARGET = 13.1;
				MTL_ENABLE_DEBUG_INFO = NO;
				MTL_FAST_MATH = YES;
				SDKROOT = iphoneos;
				SWIFT_COMPILATION_MODE = wholemodule;
				SWIFT_OPTIMIZATION_LEVEL = "-O";
				VALIDATE_PRODUCT = YES;
			};
			name = Release;
		};
		85A0D118237DB447003F77A9 /* Debug */ = {
			isa = XCBuildConfiguration;
			baseConfigurationReference = 137F997638EB4331011ED339 /* Pods-AniChat.debug.xcconfig */;
			buildSettings = {
				ASSETCATALOG_COMPILER_APPICON_NAME = AppIcon;
				CODE_SIGN_STYLE = Automatic;
				DEVELOPMENT_TEAM = 5KARUUS9UR;
				INFOPLIST_FILE = AniChat/Info.plist;
				LD_RUNPATH_SEARCH_PATHS = (
					"$(inherited)",
					"@executable_path/Frameworks",
				);
				PRODUCT_BUNDLE_IDENTIFIER = com.garrison.AniChat;
				PRODUCT_NAME = "$(TARGET_NAME)";
				SWIFT_VERSION = 5.0;
				TARGETED_DEVICE_FAMILY = "1,2";
			};
			name = Debug;
		};
		85A0D119237DB447003F77A9 /* Release */ = {
			isa = XCBuildConfiguration;
			baseConfigurationReference = C72418BFE6B295D0AB9B6B86 /* Pods-AniChat.release.xcconfig */;
			buildSettings = {
				ASSETCATALOG_COMPILER_APPICON_NAME = AppIcon;
				CODE_SIGN_STYLE = Automatic;
				DEVELOPMENT_TEAM = 5KARUUS9UR;
				INFOPLIST_FILE = AniChat/Info.plist;
				LD_RUNPATH_SEARCH_PATHS = (
					"$(inherited)",
					"@executable_path/Frameworks",
				);
				PRODUCT_BUNDLE_IDENTIFIER = com.garrison.AniChat;
				PRODUCT_NAME = "$(TARGET_NAME)";
				SWIFT_VERSION = 5.0;
				TARGETED_DEVICE_FAMILY = "1,2";
			};
			name = Release;
		};
/* End XCBuildConfiguration section */

/* Begin XCConfigurationList section */
		85A0D0FB237DB433003F77A9 /* Build configuration list for PBXProject "AniChat" */ = {
			isa = XCConfigurationList;
			buildConfigurations = (
				85A0D115237DB447003F77A9 /* Debug */,
				85A0D116237DB447003F77A9 /* Release */,
			);
			defaultConfigurationIsVisible = 0;
			defaultConfigurationName = Release;
		};
		85A0D117237DB447003F77A9 /* Build configuration list for PBXNativeTarget "AniChat" */ = {
			isa = XCConfigurationList;
			buildConfigurations = (
				85A0D118237DB447003F77A9 /* Debug */,
				85A0D119237DB447003F77A9 /* Release */,
			);
			defaultConfigurationIsVisible = 0;
			defaultConfigurationName = Release;
		};
/* End XCConfigurationList section */

/* Begin XCVersionGroup section */
		85A0D10C237DB433003F77A9 /* AniChat.xcdatamodeld */ = {
			isa = XCVersionGroup;
			children = (
				85A0D10D237DB433003F77A9 /* AniChat.xcdatamodel */,
			);
			currentVersion = 85A0D10D237DB433003F77A9 /* AniChat.xcdatamodel */;
			path = AniChat.xcdatamodeld;
			sourceTree = "<group>";
			versionGroupType = wrapper.xcdatamodel;
		};
/* End XCVersionGroup section */
	};
	rootObject = 85A0D0F8237DB433003F77A9 /* Project object */;
}
